{
  "nodes": {
    "go-license-collector": {
      "inputs": {
        "nixpkgs": "nixpkgs"
      },
      "locked": {
        "lastModified": 1766588125,
        "narHash": "sha256-oRyCWUM4ialvjZ/GxgKDs6h5F8ivmGk/ECPexRat/NA=",
        "owner": "LightJack05",
        "repo": "go-license-collector",
        "rev": "e119aecb9697350b03493b434084666ad931b8a1",
        "type": "github"
      },
      "original": {
        "owner": "LightJack05",
        "repo": "go-license-collector",
        "type": "github"
      }
    },
    "nixpkgs": {
      "locked": {
        "lastModified": 1768916468,
        "narHash": "sha256-QIssegqRL8jBrG9/KIlb1cQhbxCfTSzrIieno53Hb/c=",
        "owner": "NixOS",
        "repo": "nixpkgs",
        "rev": "7143bd7e64646b6dec9534a145b231dfece260ad",
        "type": "github"
      },
      "original": {
        "owner": "NixOS",
        "repo": "nixpkgs",
        "type": "github"
      }
    },
    "nixpkgs_2": {
      "locked": {
        "lastModified": 1768916468,
        "narHash": "sha256-QIssegqRL8jBrG9/KIlb1cQhbxCfTSzrIieno53Hb/c=",
        "owner": "NixOS",
        "repo": "nixpkgs",
        "rev": "7143bd7e64646b6dec9534a145b231dfece260ad",
        "type": "github"
      },
      "original": {
        "owner": "NixOS",
        "repo": "nixpkgs",
        "type": "github"
      }
    },
    "root": {
      "inputs": {
        "go-license-collector": "go-license-collector",
        "nixpkgs": "nixpkgs_2"
      }
    }
  },
  "root": "root",
  "version": 7
}
